
Microsoft Visual Studio Solution File, Format Version 12.00
# Visual Studio Version 16
VisualStudioVersion = 16.0.30608.117
MinimumVisualStudioVersion = 10.0.40219.1
Project("{FAE04EC0-301F-11D3-BF4B-00C04F79EFBC}") = "Pandora-Box", "Pandora-Box.csproj", "{4AB74A81-A2A4-4A60-A272-74D9B00C404D}"
EndProject
Global
	GlobalSection(SolutionConfigurationPlatforms) = preSolution
		Debug|Any CPU = Debug|Any CPU
		Release|Any CPU = Release|Any CPU
	EndGlobalSection
	GlobalSection(ProjectConfigurationPlatforms) = postSolution
		{4AB74A81-A2A4-4A60-A272-74D9B00C404D}.Debug|Any CPU.ActiveCfg = Debug|Any CPU
		{4AB74A81-A2A4-4A60-A272-74D9B00C404D}.Debug|Any CPU.Build.0 = Debug|Any CPU
		{4AB74A81-A2A4-4A60-A272-74D9B00C404D}.Release|Any CPU.ActiveCfg = Release|Any CPU
		{4AB74A81-A2A4-4A60-A272-74D9B00C404D}.Release|Any CPU.Build.0 = Release|Any CPU
	EndGlobalSection
	GlobalSection(SolutionProperties) = preSolution
		HideSolutionNode = FALSE
	EndGlobalSection
	GlobalSection(ExtensibilityGlobals) = postSolution
		SolutionGuid = {1EEF6234-B45B-48E7-BDE7-408E44D924D2}
	EndGlobalSection
EndGlobal
